
Microsoft Visual Studio Solution File, Format Version 12.00
# Visual Studio Version 16
VisualStudioVersion = 16.0.30611.23
MinimumVisualStudioVersion = 10.0.40219.1
Project("{FAE04EC0-301F-11D3-BF4B-00C04F79EFBC}") = "Ivan_Buscaminas", "Ivan_Buscaminas\Ivan_Buscaminas.csproj", "{E49881E0-3587-44F3-AF2F-A29C29DAC244}"
EndProject
Project("{54435603-DBB4-11D2-8724-00A0C9A8B90C}") = "setup", "setup\setup.vdproj", "{0DB3B71E-B3D8-4F67-B057-9D13884B5F0C}"
EndProject
Global
	GlobalSection(SolutionConfigurationPlatforms) = preSolution
		Debug|Any CPU = Debug|Any CPU
		Release|Any CPU = Release|Any CPU
	EndGlobalSection
	GlobalSection(ProjectConfigurationPlatforms) = postSolution
		{E49881E0-3587-44F3-AF2F-A29C29DAC244}.Debug|Any CPU.ActiveCfg = Debug|Any CPU
		{E49881E0-3587-44F3-AF2F-A29C29DAC244}.Debug|Any CPU.Build.0 = Debug|Any CPU
		{E49881E0-3587-44F3-AF2F-A29C29DAC244}.Release|Any CPU.ActiveCfg = Release|Any CPU
		{E49881E0-3587-44F3-AF2F-A29C29DAC244}.Release|Any CPU.Build.0 = Release|Any CPU
		{0DB3B71E-B3D8-4F67-B057-9D13884B5F0C}.Debug|Any CPU.ActiveCfg = Debug
		{0DB3B71E-B3D8-4F67-B057-9D13884B5F0C}.Release|Any CPU.ActiveCfg = Release
	EndGlobalSection
	GlobalSection(SolutionProperties) = preSolution
		HideSolutionNode = FALSE
	EndGlobalSection
	GlobalSection(ExtensibilityGlobals) = postSolution
		SolutionGuid = {172D4FAC-6519-4735-AAE7-AE45FFD0CD78}
	EndGlobalSection
EndGlobal
